
Microsoft Visual Studio Solution File, Format Version 12.00
# Visual Studio Version 16
VisualStudioVersion = 16.0.29519.87
MinimumVisualStudioVersion = 10.0.40219.1
Project("{FAE04EC0-301F-11D3-BF4B-00C04F79EFBC}") = "ToDoListApp", "ToDoListApp\ToDoListApp.csproj", "{3BD9C726-0601-4184-B7D3-B1D15D20BA0B}"
EndProject
Project("{FAE04EC0-301F-11D3-BF4B-00C04F79EFBC}") = "DataAccessLayer1", "DataAccessLayer1\DataAccessLayer1.csproj", "{21318227-D6DD-4402-83DF-BDCF53CAE222}"
EndProject
Project("{FAE04EC0-301F-11D3-BF4B-00C04F79EFBC}") = "BusinessLogicLayer", "BusinessLogicLayer\BusinessLogicLayer.csproj", "{ECF60369-1E57-4E7A-AFD5-5AFE3796B021}"
EndProject
Global
	GlobalSection(SolutionConfigurationPlatforms) = preSolution
		Debug|Any CPU = Debug|Any CPU
		Release|Any CPU = Release|Any CPU
	EndGlobalSection
	GlobalSection(ProjectConfigurationPlatforms) = postSolution
		{3BD9C726-0601-4184-B7D3-B1D15D20BA0B}.Debug|Any CPU.ActiveCfg = Debug|Any CPU
		{3BD9C726-0601-4184-B7D3-B1D15D20BA0B}.Debug|Any CPU.Build.0 = Debug|Any CPU
		{3BD9C726-0601-4184-B7D3-B1D15D20BA0B}.Release|Any CPU.ActiveCfg = Release|Any CPU
		{3BD9C726-0601-4184-B7D3-B1D15D20BA0B}.Release|Any CPU.Build.0 = Release|Any CPU
		{21318227-D6DD-4402-83DF-BDCF53CAE222}.Debug|Any CPU.ActiveCfg = Debug|Any CPU
		{21318227-D6DD-4402-83DF-BDCF53CAE222}.Debug|Any CPU.Build.0 = Debug|Any CPU
		{21318227-D6DD-4402-83DF-BDCF53CAE222}.Release|Any CPU.ActiveCfg = Release|Any CPU
		{21318227-D6DD-4402-83DF-BDCF53CAE222}.Release|Any CPU.Build.0 = Release|Any CPU
		{ECF60369-1E57-4E7A-AFD5-5AFE3796B021}.Debug|Any CPU.ActiveCfg = Debug|Any CPU
		{ECF60369-1E57-4E7A-AFD5-5AFE3796B021}.Debug|Any CPU.Build.0 = Debug|Any CPU
		{ECF60369-1E57-4E7A-AFD5-5AFE3796B021}.Release|Any CPU.ActiveCfg = Release|Any CPU
		{ECF60369-1E57-4E7A-AFD5-5AFE3796B021}.Release|Any CPU.Build.0 = Release|Any CPU
	EndGlobalSection
	GlobalSection(SolutionProperties) = preSolution
		HideSolutionNode = FALSE
	EndGlobalSection
	GlobalSection(ExtensibilityGlobals) = postSolution
		SolutionGuid = {4B0CC8E9-8856-4F69-AE93-9549557999AE}
	EndGlobalSection
EndGlobal
